[root]
name = "chal3"
version = "0.1.0"
dependencies = [
 "freqalyze 0.1.0 (git+https://github.com/Munksgaard/freqalyze)",
 "hexstr 0.1.0 (git+https://github.com/Munksgaard/hexstr)",
]

[[package]]
name = "freqalyze"
version = "0.1.0"
source = "git+https://github.com/Munksgaard/freqalyze#7e6171e97a9ae170130f27c3f0d2a4160e0eb4b7"

[[package]]
name = "hexstr"
version = "0.1.0"
source = "git+https://github.com/Munksgaard/hexstr#a3d7b052d3add635908cbf9b47a79725812b9910"

