[root]
name = "chal27"
version = "0.1.0"
dependencies = [
 "raes 0.1.0 (git+https://github.com/Munksgaard/raes)",
]

[[package]]
name = "getopts"
version = "0.2.15"
source = "registry+https://github.com/rust-lang/crates.io-index"

[[package]]
name = "raes"
version = "0.1.0"
source = "git+https://github.com/Munksgaard/raes#7ec7b9a46b842ec9cb2aeb7eff6566ce87118cbe"
dependencies = [
 "getopts 0.2.15 (registry+https://github.com/rust-lang/crates.io-index)",
]

[metadata]
"checksum getopts 0.2.15 (registry+https://github.com/rust-lang/crates.io-index)" = "65922871abd2f101a2eb0eaebadc66668e54a87ad9c3dd82520b5f86ede5eff9"
"checksum raes 0.1.0 (git+https://github.com/Munksgaard/raes)" = "<none>"
